// !$*UTF8*$!
{
	archiveVersion = 1;
	classes = {
	};
	objectVersion = 46;
	objects = {

/* Begin PBXBuildFile section */
		C2A53E351A8C9D4500A1A0BC /* AppDelegate.swift in Sources */ = {isa = PBXBuildFile; fileRef = C2A53E341A8C9D4500A1A0BC /* AppDelegate.swift */; };
		C2A53E371A8C9D4500A1A0BC /* ViewController.swift in Sources */ = {isa = PBXBuildFile; fileRef = C2A53E361A8C9D4500A1A0BC /* ViewController.swift */; };
		C2A53E3A1A8C9D4500A1A0BC /* Main.storyboard in Resources */ = {isa = PBXBuildFile; fileRef = C2A53E381A8C9D4500A1A0BC /* Main.storyboard */; };
		C2A53E3C1A8C9D4500A1A0BC /* Images.xcassets in Resources */ = {isa = PBXBuildFile; fileRef = C2A53E3B1A8C9D4500A1A0BC /* Images.xcassets */; };
		C2A53E3F1A8C9D4500A1A0BC /* LaunchScreen.xib in Resources */ = {isa = PBXBuildFile; fileRef = C2A53E3D1A8C9D4500A1A0BC /* LaunchScreen.xib */; };
		C2A53E4B1A8C9D4500A1A0BC /* FloTests.swift in Sources */ = {isa = PBXBuildFile; fileRef = C2A53E4A1A8C9D4500A1A0BC /* FloTests.swift */; };
		C2A53E551A8C9D9500A1A0BC /* PushButtonView.swift in Sources */ = {isa = PBXBuildFile; fileRef = C2A53E541A8C9D9500A1A0BC /* PushButtonView.swift */; };
		C2AA82061A8DE4A3009C72F5 /* CounterView.swift in Sources */ = {isa = PBXBuildFile; fileRef = C2AA82051A8DE4A3009C72F5 /* CounterView.swift */; };
/* End PBXBuildFile section */

/* Begin PBXContainerItemProxy section */
		C2A53E451A8C9D4500A1A0BC /* PBXContainerItemProxy */ = {
			isa = PBXContainerItemProxy;
			containerPortal = C2A53E271A8C9D4500A1A0BC /* Project object */;
			proxyType = 1;
			remoteGlobalIDString = C2A53E2E1A8C9D4500A1A0BC;
			remoteInfo = Flo;
		};
/* End PBXContainerItemProxy section */

/* Begin PBXFileReference section */
		C2A53E2F1A8C9D4500A1A0BC /* Flo.app */ = {isa = PBXFileReference; explicitFileType = wrapper.application; includeInIndex = 0; path = Flo.app; sourceTree = BUILT_PRODUCTS_DIR; };
		C2A53E331A8C9D4500A1A0BC /* Info.plist */ = {isa = PBXFileReference; lastKnownFileType = text.plist.xml; path = Info.plist; sourceTree = "<group>"; };
		C2A53E341A8C9D4500A1A0BC /* AppDelegate.swift */ = {isa = PBXFileReference; lastKnownFileType = sourcecode.swift; path = AppDelegate.swift; sourceTree = "<group>"; };
		C2A53E361A8C9D4500A1A0BC /* ViewController.swift */ = {isa = PBXFileReference; lastKnownFileType = sourcecode.swift; path = ViewController.swift; sourceTree = "<group>"; };
		C2A53E391A8C9D4500A1A0BC /* Base */ = {isa = PBXFileReference; lastKnownFileType = file.storyboard; name = Base; path = Base.lproj/Main.storyboard; sourceTree = "<group>"; };
		C2A53E3B1A8C9D4500A1A0BC /* Images.xcassets */ = {isa = PBXFileReference; lastKnownFileType = folder.assetcatalog; path = Images.xcassets; sourceTree = "<group>"; };
		C2A53E3E1A8C9D4500A1A0BC /* Base */ = {isa = PBXFileReference; lastKnownFileType = file.xib; name = Base; path = Base.lproj/LaunchScreen.xib; sourceTree = "<group>"; };
		C2A53E441A8C9D4500A1A0BC /* FloTests.xctest */ = {isa = PBXFileReference; explicitFileType = wrapper.cfbundle; includeInIndex = 0; path = FloTests.xctest; sourceTree = BUILT_PRODUCTS_DIR; };
		C2A53E491A8C9D4500A1A0BC /* Info.plist */ = {isa = PBXFileReference; lastKnownFileType = text.plist.xml; path = Info.plist; sourceTree = "<group>"; };
		C2A53E4A1A8C9D4500A1A0BC /* FloTests.swift */ = {isa = PBXFileReference; lastKnownFileType = sourcecode.swift; path = FloTests.swift; sourceTree = "<group>"; };
		C2A53E541A8C9D9500A1A0BC /* PushButtonView.swift */ = {isa = PBXFileReference; fileEncoding = 4; lastKnownFileType = sourcecode.swift; path = PushButtonView.swift; sourceTree = "<group>"; };
		C2AA82051A8DE4A3009C72F5 /* CounterView.swift */ = {isa = PBXFileReference; fileEncoding = 4; lastKnownFileType = sourcecode.swift; path = CounterView.swift; sourceTree = "<group>"; };
/* End PBXFileReference section */

/* Begin PBXFrameworksBuildPhase section */
		C2A53E2C1A8C9D4500A1A0BC /* Frameworks */ = {
			isa = PBXFrameworksBuildPhase;
			buildActionMask = 2147483647;
			files = (
			);
			runOnlyForDeploymentPostprocessing = 0;
		};
		C2A53E411A8C9D4500A1A0BC /* Frameworks */ = {
			isa = PBXFrameworksBuildPhase;
			buildActionMask = 2147483647;
			files = (
			);
			runOnlyForDeploymentPostprocessing = 0;
		};
/* End PBXFrameworksBuildPhase section */

/* Begin PBXGroup section */
		C2A53E261A8C9D4500A1A0BC = {
			isa = PBXGroup;
			children = (
				C2A53E311A8C9D4500A1A0BC /* Flo */,
				C2A53E471A8C9D4500A1A0BC /* FloTests */,
				C2A53E301A8C9D4500A1A0BC /* Products */,
			);
			sourceTree = "<group>";
		};
		C2A53E301A8C9D4500A1A0BC /* Products */ = {
			isa = PBXGroup;
			children = (
				C2A53E2F1A8C9D4500A1A0BC /* Flo.app */,
				C2A53E441A8C9D4500A1A0BC /* FloTests.xctest */,
			);
			name = Products;
			sourceTree = "<group>";
		};
		C2A53E311A8C9D4500A1A0BC /* Flo */ = {
			isa = PBXGroup;
			children = (
				C2A53E341A8C9D4500A1A0BC /* AppDelegate.swift */,
				C2A53E361A8C9D4500A1A0BC /* ViewController.swift */,
				C2A53E541A8C9D9500A1A0BC /* PushButtonView.swift */,
				C2AA82051A8DE4A3009C72F5 /* CounterView.swift */,
				C2A53E381A8C9D4500A1A0BC /* Main.storyboard */,
				C2A53E3B1A8C9D4500A1A0BC /* Images.xcassets */,
				C2A53E3D1A8C9D4500A1A0BC /* LaunchScreen.xib */,
				C2A53E321A8C9D4500A1A0BC /* Supporting Files */,
			);
			path = Flo;
			sourceTree = "<group>";
		};
		C2A53E321A8C9D4500A1A0BC /* Supporting Files */ = {
			isa = PBXGroup;
			children = (
				C2A53E331A8C9D4500A1A0BC /* Info.plist */,
			);
			name = "Supporting Files";
			sourceTree = "<group>";
		};
		C2A53E471A8C9D4500A1A0BC /* FloTests */ = {
			isa = PBXGroup;
			children = (
				C2A53E4A1A8C9D4500A1A0BC /* FloTests.swift */,
				C2A53E481A8C9D4500A1A0BC /* Supporting Files */,
			);
			path = FloTests;
			sourceTree = "<group>";
		};
		C2A53E481A8C9D4500A1A0BC /* Supporting Files */ = {
			isa = PBXGroup;
			children = (
				C2A53E491A8C9D4500A1A0BC /* Info.plist */,
			);
			name = "Supporting Files";
			sourceTree = "<group>";
		};
/* End PBXGroup section */

/* Begin PBXNativeTarget section */
		C2A53E2E1A8C9D4500A1A0BC /* Flo */ = {
			isa = PBXNativeTarget;
			buildConfigurationList = C2A53E4E1A8C9D4500A1A0BC /* Build configuration list for PBXNativeTarget "Flo" */;
			buildPhases = (
				C2A53E2B1A8C9D4500A1A0BC /* Sources */,
				C2A53E2C1A8C9D4500A1A0BC /* Frameworks */,
				C2A53E2D1A8C9D4500A1A0BC /* Resources */,
			);
			buildRules = (
			);
			dependencies = (
			);
			name = Flo;
			productName = Flo;
			productReference = C2A53E2F1A8C9D4500A1A0BC /* Flo.app */;
			productType = "com.apple.product-type.application";
		};
		C2A53E431A8C9D4500A1A0BC /* FloTests */ = {
			isa = PBXNativeTarget;
			buildConfigurationList = C2A53E511A8C9D4500A1A0BC /* Build configuration list for PBXNativeTarget "FloTests" */;
			buildPhases = (
				C2A53E401A8C9D4500A1A0BC /* Sources */,
				C2A53E411A8C9D4500A1A0BC /* Frameworks */,
				C2A53E421A8C9D4500A1A0BC /* Resources */,
			);
			buildRules = (
			);
			dependencies = (
				C2A53E461A8C9D4500A1A0BC /* PBXTargetDependency */,
			);
			name = FloTests;
			productName = FloTests;
			productReference = C2A53E441A8C9D4500A1A0BC /* FloTests.xctest */;
			productType = "com.apple.product-type.bundle.unit-test";
		};
/* End PBXNativeTarget section */

/* Begin PBXProject section */
		C2A53E271A8C9D4500A1A0BC /* Project object */ = {
			isa = PBXProject;
			attributes = {
				LastUpgradeCheck = 0610;
				ORGANIZATIONNAME = chenzhipeng;
				TargetAttributes = {
					C2A53E2E1A8C9D4500A1A0BC = {
						CreatedOnToolsVersion = 6.1.1;
					};
					C2A53E431A8C9D4500A1A0BC = {
						CreatedOnToolsVersion = 6.1.1;
						TestTargetID = C2A53E2E1A8C9D4500A1A0BC;
					};
				};
			};
			buildConfigurationList = C2A53E2A1A8C9D4500A1A0BC /* Build configuration list for PBXProject "Flo" */;
			compatibilityVersion = "Xcode 3.2";
			developmentRegion = English;
			hasScannedForEncodings = 0;
			knownRegions = (
				en,
				Base,
			);
			mainGroup = C2A53E261A8C9D4500A1A0BC;
			productRefGroup = C2A53E301A8C9D4500A1A0BC /* Products */;
			projectDirPath = "";
			projectRoot = "";
			targets = (
				C2A53E2E1A8C9D4500A1A0BC /* Flo */,
				C2A53E431A8C9D4500A1A0BC /* FloTests */,
			);
		};
/* End PBXProject section */

/* Begin PBXResourcesBuildPhase section */
		C2A53E2D1A8C9D4500A1A0BC /* Resources */ = {
			isa = PBXResourcesBuildPhase;
			buildActionMask = 2147483647;
			files = (
				C2A53E3A1A8C9D4500A1A0BC /* Main.storyboard in Resources */,
				C2A53E3F1A8C9D4500A1A0BC /* LaunchScreen.xib in Resources */,
				C2A53E3C1A8C9D4500A1A0BC /* Images.xcassets in Resources */,
			);
			runOnlyForDeploymentPostprocessing = 0;
		};
		C2A53E421A8C9D4500A1A0BC /* Resources */ = {
			isa = PBXResourcesBuildPhase;
			buildActionMask = 2147483647;
			files = (
			);
			runOnlyForDeploymentPostprocessing = 0;
		};
/* End PBXResourcesBuildPhase section */

/* Begin PBXSourcesBuildPhase section */
		C2A53E2B1A8C9D4500A1A0BC /* Sources */ = {
			isa = PBXSourcesBuildPhase;
			buildActionMask = 2147483647;
			files = (
				C2A53E371A8C9D4500A1A0BC /* ViewController.swift in Sources */,
				C2A53E551A8C9D9500A1A0BC /* PushButtonView.swift in Sources */,
				C2A53E351A8C9D4500A1A0BC /* AppDelegate.swift in Sources */,
				C2AA82061A8DE4A3009C72F5 /* CounterView.swift in Sources */,
			);
			runOnlyForDeploymentPostprocessing = 0;
		};
		C2A53E401A8C9D4500A1A0BC /* Sources */ = {
			isa = PBXSourcesBuildPhase;
			buildActionMask = 2147483647;
			files = (
				C2A53E4B1A8C9D4500A1A0BC /* FloTests.swift in Sources */,
			);
			runOnlyForDeploymentPostprocessing = 0;
		};
/* End PBXSourcesBuildPhase section */

/* Begin PBXTargetDependency section */
		C2A53E461A8C9D4500A1A0BC /* PBXTargetDependency */ = {
			isa = PBXTargetDependency;
			target = C2A53E2E1A8C9D4500A1A0BC /* Flo */;
			targetProxy = C2A53E451A8C9D4500A1A0BC /* PBXContainerItemProxy */;
		};
/* End PBXTargetDependency section */

/* Begin PBXVariantGroup section */
		C2A53E381A8C9D4500A1A0BC /* Main.storyboard */ = {
			isa = PBXVariantGroup;
			children = (
				C2A53E391A8C9D4500A1A0BC /* Base */,
			);
			name = Main.storyboard;
			sourceTree = "<group>";
		};
		C2A53E3D1A8C9D4500A1A0BC /* LaunchScreen.xib */ = {
			isa = PBXVariantGroup;
			children = (
				C2A53E3E1A8C9D4500A1A0BC /* Base */,
			);
			name = LaunchScreen.xib;
			sourceTree = "<group>";
		};
/* End PBXVariantGroup section */

/* Begin XCBuildConfiguration section */
		C2A53E4C1A8C9D4500A1A0BC /* Debug */ = {
			isa = XCBuildConfiguration;
			buildSettings = {
				ALWAYS_SEARCH_USER_PATHS = NO;
				CLANG_CXX_LANGUAGE_STANDARD = "gnu++0x";
				CLANG_CXX_LIBRARY = "libc++";
				CLANG_ENABLE_MODULES = YES;
				CLANG_ENABLE_OBJC_ARC = YES;
				CLANG_WARN_BOOL_CONVERSION = YES;
				CLANG_WARN_CONSTANT_CONVERSION = YES;
				CLANG_WARN_DIRECT_OBJC_ISA_USAGE = YES_ERROR;
				CLANG_WARN_EMPTY_BODY = YES;
				CLANG_WARN_ENUM_CONVERSION = YES;
				CLANG_WARN_INT_CONVERSION = YES;
				CLANG_WARN_OBJC_ROOT_CLASS = YES_ERROR;
				CLANG_WARN_UNREACHABLE_CODE = YES;
				CLANG_WARN__DUPLICATE_METHOD_MATCH = YES;
				"CODE_SIGN_IDENTITY[sdk=iphoneos*]" = "iPhone Developer";
				COPY_PHASE_STRIP = NO;
				ENABLE_STRICT_OBJC_MSGSEND = YES;
				GCC_C_LANGUAGE_STANDARD = gnu99;
				GCC_DYNAMIC_NO_PIC = NO;
				GCC_OPTIMIZATION_LEVEL = 0;
				GCC_PREPROCESSOR_DEFINITIONS = (
					"DEBUG=1",
					"$(inherited)",
				);
				GCC_SYMBOLS_PRIVATE_EXTERN = NO;
				GCC_WARN_64_TO_32_BIT_CONVERSION = YES;
				GCC_WARN_ABOUT_RETURN_TYPE = YES_ERROR;
				GCC_WARN_UNDECLARED_SELECTOR = YES;
				GCC_WARN_UNINITIALIZED_AUTOS = YES_AGGRESSIVE;
				GCC_WARN_UNUSED_FUNCTION = YES;
				GCC_WARN_UNUSED_VARIABLE = YES;
				IPHONEOS_DEPLOYMENT_TARGET = 8.1;
				MTL_ENABLE_DEBUG_INFO = YES;
				ONLY_ACTIVE_ARCH = YES;
				SDKROOT = iphoneos;
				SWIFT_OPTIMIZATION_LEVEL = "-Onone";
			};
			name = Debug;
		};
		C2A53E4D1A8C9D4500A1A0BC /* Release */ = {
			isa = XCBuildConfiguration;
			buildSettings = {
				ALWAYS_SEARCH_USER_PATHS = NO;
				CLANG_CXX_LANGUAGE_STANDARD = "gnu++0x";
				CLANG_CXX_LIBRARY = "libc++";
				CLANG_ENABLE_MODULES = YES;
				CLANG_ENABLE_OBJC_ARC = YES;
				CLANG_WARN_BOOL_CONVERSION = YES;
				CLANG_WARN_CONSTANT_CONVERSION = YES;
				CLANG_WARN_DIRECT_OBJC_ISA_USAGE = YES_ERROR;
				CLANG_WARN_EMPTY_BODY = YES;
				CLANG_WARN_ENUM_CONVERSION = YES;
				CLANG_WARN_INT_CONVERSION = YES;
				CLANG_WARN_OBJC_ROOT_CLASS = YES_ERROR;
				CLANG_WARN_UNREACHABLE_CODE = YES;
				CLANG_WARN__DUPLICATE_METHOD_MATCH = YES;
				"CODE_SIGN_IDENTITY[sdk=iphoneos*]" = "iPhone Developer";
				COPY_PHASE_STRIP = YES;
				ENABLE_NS_ASSERTIONS = NO;
				ENABLE_STRICT_OBJC_MSGSEND = YES;
				GCC_C_LANGUAGE_STANDARD = gnu99;
				GCC_WARN_64_TO_32_BIT_CONVERSION = YES;
				GCC_WARN_ABOUT_RETURN_TYPE = YES_ERROR;
				GCC_WARN_UNDECLARED_SELECTOR = YES;
				GCC_WARN_UNINITIALIZED_AUTOS = YES_AGGRESSIVE;
				GCC_WARN_UNUSED_FUNCTION = YES;
				GCC_WARN_UNUSED_VARIABLE = YES;
				IPHONEOS_DEPLOYMENT_TARGET = 8.1;
				MTL_ENABLE_DEBUG_INFO = NO;
				SDKROOT = iphoneos;
				VALIDATE_PRODUCT = YES;
			};
			name = Release;
		};
		C2A53E4F1A8C9D4500A1A0BC /* Debug */ = {
			isa = XCBuildConfiguration;
			buildSettings = {
				ASSETCATALOG_COMPILER_APPICON_NAME = AppIcon;
				INFOPLIST_FILE = Flo/Info.plist;
				LD_RUNPATH_SEARCH_PATHS = "$(inherited) @executable_path/Frameworks";
				PRODUCT_NAME = "$(TARGET_NAME)";
			};
			name = Debug;
		};
		C2A53E501A8C9D4500A1A0BC /* Release */ = {
			isa = XCBuildConfiguration;
			buildSettings = {
				ASSETCATALOG_COMPILER_APPICON_NAME = AppIcon;
				INFOPLIST_FILE = Flo/Info.plist;
				LD_RUNPATH_SEARCH_PATHS = "$(inherited) @executable_path/Frameworks";
				PRODUCT_NAME = "$(TARGET_NAME)";
			};
			name = Release;
		};
		C2A53E521A8C9D4500A1A0BC /* Debug */ = {
			isa = XCBuildConfiguration;
			buildSettings = {
				BUNDLE_LOADER = "$(TEST_HOST)";
				FRAMEWORK_SEARCH_PATHS = (
					"$(SDKROOT)/Developer/Library/Frameworks",
					"$(inherited)",
				);
				GCC_PREPROCESSOR_DEFINITIONS = (
					"DEBUG=1",
					"$(inherited)",
				);
				INFOPLIST_FILE = FloTests/Info.plist;
				LD_RUNPATH_SEARCH_PATHS = "$(inherited) @executable_path/Frameworks @loader_path/Frameworks";
				PRODUCT_NAME = "$(TARGET_NAME)";
				TEST_HOST = "$(BUILT_PRODUCTS_DIR)/Flo.app/Flo";
			};
			name = Debug;
		};
		C2A53E531A8C9D4500A1A0BC /* Release */ = {
			isa = XCBuildConfiguration;
			buildSettings = {
				BUNDLE_LOADER = "$(TEST_HOST)";
				FRAMEWORK_SEARCH_PATHS = (
					"$(SDKROOT)/Developer/Library/Frameworks",
					"$(inherited)",
				);
				INFOPLIST_FILE = FloTests/Info.plist;
				LD_RUNPATH_SEARCH_PATHS = "$(inherited) @executable_path/Frameworks @loader_path/Frameworks";
				PRODUCT_NAME = "$(TARGET_NAME)";
				TEST_HOST = "$(BUILT_PRODUCTS_DIR)/Flo.app/Flo";
			};
			name = Release;
		};
/* End XCBuildConfiguration section */

/* Begin XCConfigurationList section */
		C2A53E2A1A8C9D4500A1A0BC /* Build configuration list for PBXProject "Flo" */ = {
			isa = XCConfigurationList;
			buildConfigurations = (
				C2A53E4C1A8C9D4500A1A0BC /* Debug */,
				C2A53E4D1A8C9D4500A1A0BC /* Release */,
			);
			defaultConfigurationIsVisible = 0;
			defaultConfigurationName = Release;
		};
		C2A53E4E1A8C9D4500A1A0BC /* Build configuration list for PBXNativeTarget "Flo" */ = {
			isa = XCConfigurationList;
			buildConfigurations = (
				C2A53E4F1A8C9D4500A1A0BC /* Debug */,
				C2A53E501A8C9D4500A1A0BC /* Release */,
			);
			defaultConfigurationIsVisible = 0;
			defaultConfigurationName = Release;
		};
		C2A53E511A8C9D4500A1A0BC /* Build configuration list for PBXNativeTarget "FloTests" */ = {
			isa = XCConfigurationList;
			buildConfigurations = (
				C2A53E521A8C9D4500A1A0BC /* Debug */,
				C2A53E531A8C9D4500A1A0BC /* Release */,
			);
			defaultConfigurationIsVisible = 0;
			defaultConfigurationName = Release;
		};
/* End XCConfigurationList section */
	};
	rootObject = C2A53E271A8C9D4500A1A0BC /* Project object */;
}
